# This is a Gradle generated file for dependency locking.
# Manual edits can break the build and are not advised.
# This file is expected to be part of source control.
# To regenerate this file, run: ./gradlew :tuprel-sql:dependencies --write-locks
com.github.ben-manes.caffeine:caffeine:3.0.5=annotationProcessor,integrationTestAnnotationProcessor,testAnnotationProcessor
com.github.kevinstern:software-and-algorithms:1.0=annotationProcessor,integrationTestAnnotationProcessor,testAnnotationProcessor
com.google.auto.service:auto-service-annotations:1.0.1=annotationProcessor,integrationTestAnnotationProcessor,testAnnotationProcessor
com.google.auto.value:auto-value-annotations:1.9=annotationProcessor,integrationTestAnnotationProcessor,testAnnotationProcessor
com.google.auto:auto-common:1.2.2=annotationProcessor,integrationTestAnnotationProcessor,testAnnotationProcessor
com.google.errorprone:error_prone_annotation:2.50.0=annotationProcessor,integrationTestAnnotationProcessor,testAnnotationProcessor
com.google.errorprone:error_prone_annotations:2.50.0=annotationProcessor,integrationTestAnnotationProcessor,testAnnotationProcessor
com.google.errorprone:error_prone_check_api:2.50.0=annotationProcessor,integrationTestAnnotationProcessor,testAnnotationProcessor
com.google.errorprone:error_prone_core:2.50.0=annotationProcessor,integrationTestAnnotationProcessor,testAnnotationProcessor
com.google.googlejavaformat:google-java-format:1.35.0=annotationProcessor,integrationTestAnnotationProcessor,testAnnotationProcessor
com.google.guava:failureaccess:1.0.3=annotationProcessor,integrationTestAnnotationProcessor,testAnnotationProcessor
com.google.guava:guava:33.5.0-jre=annotationProcessor,integrationTestAnnotationProcessor,testAnnotationProcessor
com.google.guava:listenablefuture:9999.0-empty-to-avoid-conflict-with-guava=annotationProcessor,integrationTestAnnotationProcessor,testAnnotationProcessor
com.google.j2objc:j2objc-annotations:3.1=annotationProcessor,integrationTestAnnotationProcessor,testAnnotationProcessor
com.google.protobuf:protobuf-java:4.33.2=annotationProcessor,integrationTestAnnotationProcessor,testAnnotationProcessor
io.github.eisop:dataflow-errorprone:3.41.0-eisop1=annotationProcessor,integrationTestAnnotationProcessor,testAnnotationProcessor
io.github.java-diff-utils:java-diff-utils:4.12=annotationProcessor,integrationTestAnnotationProcessor,testAnnotationProcessor
javax.inject:javax.inject:1=annotationProcessor,integrationTestAnnotationProcessor,testAnnotationProcessor
org.apiguardian:apiguardian-api:1.1.2=integrationTestCompileClasspath,testCompileClasspath
org.checkerframework:checker-qual:3.19.0=annotationProcessor,integrationTestAnnotationProcessor,testAnnotationProcessor
org.jspecify:jspecify:1.0.0=annotationProcessor,integrationTestAnnotationProcessor,testAnnotationProcessor
org.junit.jupiter:junit-jupiter-api:5.14.4=integrationTestCompileClasspath,integrationTestRuntimeClasspath,testCompileClasspath,testRuntimeClasspath
org.junit.jupiter:junit-jupiter-engine:5.14.4=integrationTestRuntimeClasspath,testRuntimeClasspath
org.junit.jupiter:junit-jupiter-params:5.14.4=integrationTestCompileClasspath,integrationTestRuntimeClasspath,testCompileClasspath,testRuntimeClasspath
org.junit.jupiter:junit-jupiter:5.14.4=integrationTestCompileClasspath,integrationTestRuntimeClasspath,testCompileClasspath,testRuntimeClasspath
org.junit.platform:junit-platform-commons:1.14.4=integrationTestCompileClasspath,integrationTestRuntimeClasspath,testCompileClasspath,testRuntimeClasspath
org.junit.platform:junit-platform-engine:1.14.4=integrationTestRuntimeClasspath,testRuntimeClasspath
org.junit.platform:junit-platform-launcher:1.14.4=integrationTestRuntimeClasspath,testRuntimeClasspath
org.junit:junit-bom:5.14.4=integrationTestCompileClasspath,integrationTestRuntimeClasspath,testCompileClasspath,testRuntimeClasspath
org.opentest4j:opentest4j:1.3.0=integrationTestCompileClasspath,integrationTestRuntimeClasspath,testCompileClasspath,testRuntimeClasspath
org.pcollections:pcollections:4.0.1=annotationProcessor,integrationTestAnnotationProcessor,testAnnotationProcessor
empty=compileClasspath,runtimeClasspath
